
Microsoft Visual Studio Solution File, Format Version 11.00
# Visual Studio 2010
Project("{FAE04EC0-301F-11D3-BF4B-00C04F79EFBC}") = "TrueCraft", "TrueCraft\TrueCraft.csproj", "{C1C47EF5-2D8A-4231-AAA8-F651F52F480E}"
EndProject
Project("{FAE04EC0-301F-11D3-BF4B-00C04F79EFBC}") = "TrueCraft.API", "TrueCraft.API\TrueCraft.API.csproj", "{FEE55B54-91B0-4325-A2C3-D576C0B7A81F}"
EndProject
Project("{FAE04EC0-301F-11D3-BF4B-00C04F79EFBC}") = "TrueCraft.Core", "TrueCraft.Core\TrueCraft.Core.csproj", "{FA4BE9A3-DBF0-4380-BA2B-FFAA71C4706D}"
EndProject
Project("{FAE04EC0-301F-11D3-BF4B-00C04F79EFBC}") = "fNbt", "externals\fNbt\fNbt\fNbt.csproj", "{4488498D-976D-4DA3-BF72-109531AF0488}"
EndProject
Project("{FAE04EC0-301F-11D3-BF4B-00C04F79EFBC}") = "TrueCraft.Client", "TrueCraft.Client\TrueCraft.Client.csproj", "{A6516869-A2FB-4E31-85C8-2285490CB32C}"
EndProject
Project("{FAE04EC0-301F-11D3-BF4B-00C04F79EFBC}") = "TrueCraft.Launcher", "TrueCraft.Launcher\TrueCraft.Launcher.csproj", "{6604F17A-552E-405D-B327-37C8B1648C86}"
EndProject
Project("{930C7802-8A8C-48F9-8165-68863BCCD9DD}") = "TrueCraft.Installer.Windows", "TrueCraft.Installer.Windows\TrueCraft.Installer.Windows.wixproj", "{CE1E6F05-403A-477F-AFB6-259369B3DE79}"
EndProject
Global
	GlobalSection(SolutionConfigurationPlatforms) = preSolution
		Debug|Mixed Platforms = Debug|Mixed Platforms
		Debug|x64 = Debug|x64
		Debug|x86 = Debug|x86
		Release|Mixed Platforms = Release|Mixed Platforms
		Release|x64 = Release|x64
		Release|x86 = Release|x86
	EndGlobalSection
	GlobalSection(ProjectConfigurationPlatforms) = postSolution
		{C1C47EF5-2D8A-4231-AAA8-F651F52F480E}.Debug|Mixed Platforms.ActiveCfg = Debug|x86
		{C1C47EF5-2D8A-4231-AAA8-F651F52F480E}.Debug|Mixed Platforms.Build.0 = Debug|x86
		{C1C47EF5-2D8A-4231-AAA8-F651F52F480E}.Debug|x64.ActiveCfg = Debug|x86
		{C1C47EF5-2D8A-4231-AAA8-F651F52F480E}.Debug|x64.Build.0 = Debug|x86
		{C1C47EF5-2D8A-4231-AAA8-F651F52F480E}.Debug|x86.ActiveCfg = Debug|x86
		{C1C47EF5-2D8A-4231-AAA8-F651F52F480E}.Debug|x86.Build.0 = Debug|x86
		{C1C47EF5-2D8A-4231-AAA8-F651F52F480E}.Release|Mixed Platforms.ActiveCfg = Release|x86
		{C1C47EF5-2D8A-4231-AAA8-F651F52F480E}.Release|Mixed Platforms.Build.0 = Release|x86
		{C1C47EF5-2D8A-4231-AAA8-F651F52F480E}.Release|x64.ActiveCfg = Release|x86
		{C1C47EF5-2D8A-4231-AAA8-F651F52F480E}.Release|x64.Build.0 = Release|x86
		{C1C47EF5-2D8A-4231-AAA8-F651F52F480E}.Release|x86.ActiveCfg = Release|x86
		{C1C47EF5-2D8A-4231-AAA8-F651F52F480E}.Release|x86.Build.0 = Release|x86
		{FEE55B54-91B0-4325-A2C3-D576C0B7A81F}.Debug|Mixed Platforms.ActiveCfg = Debug|Any CPU
		{FEE55B54-91B0-4325-A2C3-D576C0B7A81F}.Debug|Mixed Platforms.Build.0 = Debug|Any CPU
		{FEE55B54-91B0-4325-A2C3-D576C0B7A81F}.Debug|x64.ActiveCfg = Debug|Any CPU
		{FEE55B54-91B0-4325-A2C3-D576C0B7A81F}.Debug|x64.Build.0 = Debug|Any CPU
		{FEE55B54-91B0-4325-A2C3-D576C0B7A81F}.Debug|x86.ActiveCfg = Debug|Any CPU
		{FEE55B54-91B0-4325-A2C3-D576C0B7A81F}.Debug|x86.Build.0 = Debug|Any CPU
		{FEE55B54-91B0-4325-A2C3-D576C0B7A81F}.Release|Mixed Platforms.ActiveCfg = Release|Any CPU
		{FEE55B54-91B0-4325-A2C3-D576C0B7A81F}.Release|Mixed Platforms.Build.0 = Release|Any CPU
		{FEE55B54-91B0-4325-A2C3-D576C0B7A81F}.Release|x64.ActiveCfg = Release|Any CPU
		{FEE55B54-91B0-4325-A2C3-D576C0B7A81F}.Release|x64.Build.0 = Release|Any CPU
		{FEE55B54-91B0-4325-A2C3-D576C0B7A81F}.Release|x86.ActiveCfg = Release|Any CPU
		{FEE55B54-91B0-4325-A2C3-D576C0B7A81F}.Release|x86.Build.0 = Release|Any CPU
		{FA4BE9A3-DBF0-4380-BA2B-FFAA71C4706D}.Debug|Mixed Platforms.ActiveCfg = Debug|Any CPU
		{FA4BE9A3-DBF0-4380-BA2B-FFAA71C4706D}.Debug|Mixed Platforms.Build.0 = Debug|Any CPU
		{FA4BE9A3-DBF0-4380-BA2B-FFAA71C4706D}.Debug|x64.ActiveCfg = Debug|Any CPU
		{FA4BE9A3-DBF0-4380-BA2B-FFAA71C4706D}.Debug|x64.Build.0 = Debug|Any CPU
		{FA4BE9A3-DBF0-4380-BA2B-FFAA71C4706D}.Debug|x86.ActiveCfg = Debug|Any CPU
		{FA4BE9A3-DBF0-4380-BA2B-FFAA71C4706D}.Debug|x86.Build.0 = Debug|Any CPU
		{FA4BE9A3-DBF0-4380-BA2B-FFAA71C4706D}.Release|Mixed Platforms.ActiveCfg = Release|Any CPU
		{FA4BE9A3-DBF0-4380-BA2B-FFAA71C4706D}.Release|Mixed Platforms.Build.0 = Release|Any CPU
		{FA4BE9A3-DBF0-4380-BA2B-FFAA71C4706D}.Release|x64.ActiveCfg = Release|Any CPU
		{FA4BE9A3-DBF0-4380-BA2B-FFAA71C4706D}.Release|x64.Build.0 = Release|Any CPU
		{FA4BE9A3-DBF0-4380-BA2B-FFAA71C4706D}.Release|x86.ActiveCfg = Release|Any CPU
		{FA4BE9A3-DBF0-4380-BA2B-FFAA71C4706D}.Release|x86.Build.0 = Release|Any CPU
		{4488498D-976D-4DA3-BF72-109531AF0488}.Debug|Mixed Platforms.ActiveCfg = Debug|x86
		{4488498D-976D-4DA3-BF72-109531AF0488}.Debug|Mixed Platforms.Build.0 = Debug|x86
		{4488498D-976D-4DA3-BF72-109531AF0488}.Debug|x64.ActiveCfg = Debug|Any CPU
		{4488498D-976D-4DA3-BF72-109531AF0488}.Debug|x64.Build.0 = Debug|Any CPU
		{4488498D-976D-4DA3-BF72-109531AF0488}.Debug|x86.ActiveCfg = Debug|Any CPU
		{4488498D-976D-4DA3-BF72-109531AF0488}.Debug|x86.Build.0 = Debug|Any CPU
		{4488498D-976D-4DA3-BF72-109531AF0488}.Release|Mixed Platforms.ActiveCfg = Release|x86
		{4488498D-976D-4DA3-BF72-109531AF0488}.Release|Mixed Platforms.Build.0 = Release|x86
		{4488498D-976D-4DA3-BF72-109531AF0488}.Release|x64.ActiveCfg = Release|Any CPU
		{4488498D-976D-4DA3-BF72-109531AF0488}.Release|x64.Build.0 = Release|Any CPU
		{4488498D-976D-4DA3-BF72-109531AF0488}.Release|x86.ActiveCfg = Release|Any CPU
		{4488498D-976D-4DA3-BF72-109531AF0488}.Release|x86.Build.0 = Release|Any CPU
		{A6516869-A2FB-4E31-85C8-2285490CB32C}.Debug|Mixed Platforms.ActiveCfg = Debug|x86
		{A6516869-A2FB-4E31-85C8-2285490CB32C}.Debug|Mixed Platforms.Build.0 = Debug|x86
		{A6516869-A2FB-4E31-85C8-2285490CB32C}.Debug|x64.ActiveCfg = Debug|x86
		{A6516869-A2FB-4E31-85C8-2285490CB32C}.Debug|x64.Build.0 = Debug|x86
		{A6516869-A2FB-4E31-85C8-2285490CB32C}.Debug|x86.ActiveCfg = Debug|x86
		{A6516869-A2FB-4E31-85C8-2285490CB32C}.Debug|x86.Build.0 = Debug|x86
		{A6516869-A2FB-4E31-85C8-2285490CB32C}.Release|Mixed Platforms.ActiveCfg = Release|x86
		{A6516869-A2FB-4E31-85C8-2285490CB32C}.Release|Mixed Platforms.Build.0 = Release|x86
		{A6516869-A2FB-4E31-85C8-2285490CB32C}.Release|x64.ActiveCfg = Release|x86
		{A6516869-A2FB-4E31-85C8-2285490CB32C}.Release|x64.Build.0 = Release|x86
		{A6516869-A2FB-4E31-85C8-2285490CB32C}.Release|x86.ActiveCfg = Release|x86
		{A6516869-A2FB-4E31-85C8-2285490CB32C}.Release|x86.Build.0 = Release|x86
		{6604F17A-552E-405D-B327-37C8B1648C86}.Debug|Mixed Platforms.ActiveCfg = Debug|Any CPU
		{6604F17A-552E-405D-B327-37C8B1648C86}.Debug|Mixed Platforms.Build.0 = Debug|Any CPU
		{6604F17A-552E-405D-B327-37C8B1648C86}.Debug|x64.ActiveCfg = Debug|Any CPU
		{6604F17A-552E-405D-B327-37C8B1648C86}.Debug|x64.Build.0 = Debug|Any CPU
		{6604F17A-552E-405D-B327-37C8B1648C86}.Debug|x86.ActiveCfg = Debug|Any CPU
		{6604F17A-552E-405D-B327-37C8B1648C86}.Debug|x86.Build.0 = Debug|Any CPU
		{6604F17A-552E-405D-B327-37C8B1648C86}.Release|Mixed Platforms.ActiveCfg = Release|Any CPU
		{6604F17A-552E-405D-B327-37C8B1648C86}.Release|Mixed Platforms.Build.0 = Release|Any CPU
		{6604F17A-552E-405D-B327-37C8B1648C86}.Release|x64.ActiveCfg = Release|Any CPU
		{6604F17A-552E-405D-B327-37C8B1648C86}.Release|x64.Build.0 = Release|Any CPU
		{6604F17A-552E-405D-B327-37C8B1648C86}.Release|x86.ActiveCfg = Release|Any CPU
		{6604F17A-552E-405D-B327-37C8B1648C86}.Release|x86.Build.0 = Release|Any CPU
		{CE1E6F05-403A-477F-AFB6-259369B3DE79}.Debug|Mixed Platforms.ActiveCfg = Debug|x86
		{CE1E6F05-403A-477F-AFB6-259369B3DE79}.Debug|Mixed Platforms.Build.0 = Debug|x86
		{CE1E6F05-403A-477F-AFB6-259369B3DE79}.Debug|x64.ActiveCfg = Debug|x86
		{CE1E6F05-403A-477F-AFB6-259369B3DE79}.Debug|x86.ActiveCfg = Debug|x86
		{CE1E6F05-403A-477F-AFB6-259369B3DE79}.Debug|x86.Build.0 = Debug|x86
		{CE1E6F05-403A-477F-AFB6-259369B3DE79}.Release|Mixed Platforms.ActiveCfg = Release|x86
		{CE1E6F05-403A-477F-AFB6-259369B3DE79}.Release|Mixed Platforms.Build.0 = Release|x86
		{CE1E6F05-403A-477F-AFB6-259369B3DE79}.Release|x64.ActiveCfg = Release|x86
		{CE1E6F05-403A-477F-AFB6-259369B3DE79}.Release|x86.ActiveCfg = Release|x86
		{CE1E6F05-403A-477F-AFB6-259369B3DE79}.Release|x86.Build.0 = Release|x86
	EndGlobalSection
	GlobalSection(SolutionProperties) = preSolution
		HideSolutionNode = FALSE
	EndGlobalSection
	GlobalSection(MonoDevelopProperties) = preSolution
		Policies = $0
		$0.TextStylePolicy = $1
		$1.FileWidth = 120
		$1.inheritsSet = VisualStudio
		$1.inheritsScope = text/plain
		$1.scope = text/x-csharp
		$0.CSharpFormattingPolicy = $2
		$2.BeforeMethodDeclarationParentheses = False
		$2.BeforeMethodCallParentheses = False
		$2.BeforeConstructorDeclarationParentheses = False
		$2.BeforeIndexerDeclarationBracket = False
		$2.BeforeDelegateDeclarationParentheses = False
		$2.AfterDelegateDeclarationParameterComma = True
		$2.NewParentheses = False
		$2.SpacesBeforeBrackets = False
		$2.inheritsSet = Mono
		$2.inheritsScope = text/x-csharp
		$2.scope = text/x-csharp
	EndGlobalSection
EndGlobal
